PODS:
  - onnxruntime-c (1.22.0)
  - onnxruntime-objc (1.22.0):
    - onnxruntime-objc/Core (= 1.22.0)
  - onnxruntime-objc/Core (1.22.0):
    - onnxruntime-c (= 1.22.0)

DEPENDENCIES:
  - onnxruntime-objc

SPEC REPOS:
  trunk:
    - onnxruntime-c
    - onnxruntime-objc

SPEC CHECKSUMS:
  onnxruntime-c: 7f778680e96145956c0a31945f260321eed2611a
  onnxruntime-objc: 83d28b87525bd971259a66e153ea32b5d023de19

PODFILE CHECKSUM: c321462eff1fd44b76e7ea6c5420486d2b2650ec

COCOAPODS: 1.16.2
